lockfileVersion: '9.0'

settings:
  autoInstallPeers: true
  excludeLinksFromLockfile: false

importers:

  .:
    dependencies:
      fixture-ok:
        specifier: ^1.0.0
        version: 1.0.0

packages:

  fixture-ok@1.0.0:
    resolution: &r {integrity: sha512-AAAAAAAAAAAAAAAAAAAAAAAAAAAAAAAAAAAAAAAAAAAAAAAAAAAAAAAAAAAAAAAAAAAAAAAAAAAAAAAAAAAAAA==}

snapshots:

  fixture-ok@1.0.0: {}
